
Microsoft Visual Studio Solution File, Format Version 11.00
# Visual Studio 2010
Project("{FAE04EC0-301F-11D3-BF4B-00C04F79EFBC}") = "Assembly-CSharp-firstpass", "Assembly-CSharp-firstpass.csproj", "{aae0f045-2ca8-5c7c-b028-5b552a56f72d}"
EndProject
Project("{FAE04EC0-301F-11D3-BF4B-00C04F79EFBC}") = "Assembly-CSharp", "Assembly-CSharp.csproj", "{6f290c73-b12f-94b2-394d-bf9b37a4aa08}"
EndProject
Project("{FAE04EC0-301F-11D3-BF4B-00C04F79EFBC}") = "Assembly-CSharp-Editor-firstpass", "Assembly-CSharp-Editor-firstpass.csproj", "{cc4023a4-a67f-e459-8ded-d60ef8d0ee6e}"
EndProject
Global
	GlobalSection(SolutionConfigurationPlatforms) = preSolution
		Debug|Any CPU = Debug|Any CPU
	EndGlobalSection
	GlobalSection(ProjectConfigurationPlatforms) = postSolution
		{aae0f045-2ca8-5c7c-b028-5b552a56f72d}.Debug|Any CPU.ActiveCfg = Debug|Any CPU
		{aae0f045-2ca8-5c7c-b028-5b552a56f72d}.Debug|Any CPU.Build.0 = Debug|Any CPU
		{6f290c73-b12f-94b2-394d-bf9b37a4aa08}.Debug|Any CPU.ActiveCfg = Debug|Any CPU
		{6f290c73-b12f-94b2-394d-bf9b37a4aa08}.Debug|Any CPU.Build.0 = Debug|Any CPU
		{cc4023a4-a67f-e459-8ded-d60ef8d0ee6e}.Debug|Any CPU.ActiveCfg = Debug|Any CPU
		{cc4023a4-a67f-e459-8ded-d60ef8d0ee6e}.Debug|Any CPU.Build.0 = Debug|Any CPU
	EndGlobalSection
	GlobalSection(SolutionProperties) = preSolution
		HideSolutionNode = FALSE
	EndGlobalSection
EndGlobal
